
Microsoft Visual Studio Solution File, Format Version 12.00
# Visual Studio Version 17
VisualStudioVersion = 17.7.34221.43
MinimumVisualStudioVersion = 10.0.40219.1
Project("{FAE04EC0-301F-11D3-BF4B-00C04F79EFBC}") = "EMS App", "EMS App\EMS App.csproj", "{B75E1B80-93DE-4B4D-A4C8-118846D572A5}"
EndProject
Global
	GlobalSection(SolutionConfigurationPlatforms) = preSolution
		Debug|Any CPU = Debug|Any CPU
		Release|Any CPU = Release|Any CPU
	EndGlobalSection
	GlobalSection(ProjectConfigurationPlatforms) = postSolution
		{B75E1B80-93DE-4B4D-A4C8-118846D572A5}.Debug|Any CPU.ActiveCfg = Debug|Any CPU
		{B75E1B80-93DE-4B4D-A4C8-118846D572A5}.Debug|Any CPU.Build.0 = Debug|Any CPU
		{B75E1B80-93DE-4B4D-A4C8-118846D572A5}.Release|Any CPU.ActiveCfg = Release|Any CPU
		{B75E1B80-93DE-4B4D-A4C8-118846D572A5}.Release|Any CPU.Build.0 = Release|Any CPU
	EndGlobalSection
	GlobalSection(SolutionProperties) = preSolution
		HideSolutionNode = FALSE
	EndGlobalSection
	GlobalSection(ExtensibilityGlobals) = postSolution
		SolutionGuid = {95F86088-4C18-443C-BACC-29A07FB76D5D}
	EndGlobalSection
EndGlobal
